version = 1
revision = 3
requires-python = ">=3.13"

[[package]]
name = "asgiref"
version = "3.9.1"
source = { registry = "https://pypi.org/simple" }
sdist = { url = "https://files.pythonhosted.org/packages/90/61/0aa957eec22ff70b830b22ff91f825e70e1ef732c06666a805730f28b36b/asgiref-3.9.1.tar.gz", hash = "sha256:a5ab6582236218e5ef1648f242fd9f10626cfd4de8dc377db215d5d5098e3142", size = 36870, upload-time = "2025-07-08T09:07:43.344Z" }
wheels = [
    { url = "https://files.pythonhosted.org/packages/7c/3c/0464dcada90d5da0e71018c04a140ad6349558afb30b3051b4264cc5b965/asgiref-3.9.1-py3-none-any.whl", hash = "sha256:f3bba7092a48005b5f5bacd747d36ee4a5a61f4a269a6df590b43144355ebd2c", size = 23790, upload-time = "2025-07-08T09:07:41.548Z" },
]

[[package]]
name = "blog-web"
version = "0.1.0"
source = { virtual = "." }
dependencies = [
    { name = "django" },
    { name = "django-taggit" },
    { name = "markdown" },
    { name = "psycopg", extra = ["binary"] },
    { name = "python-decouple" },
    { name = "ruff" },
]

[package.metadata]
requires-dist = [
    { name = "django", specifier = ">=5.2.5" },
    { name = "django-taggit", specifier = ">=6.1.0" },
    { name = "markdown", specifier = ">=3.9" },
    { name = "psycopg", extras = ["binary"], specifier = ">=3.2.10" },
    { name = "python-decouple", specifier = ">=3.8" },
    { name = "ruff", specifier = ">=0.12.11" },
]

[[package]]
name = "django"
version = "5.2.5"
source = { registry = "https://pypi.org/simple" }
dependencies = [
    { name = "asgiref" },
    { name = "sqlparse" },
    { name = "tzdata", marker = "sys_platform == 'win32'" },
]
sdist = { url = "https://files.pythonhosted.org/packages/62/9b/779f853c3d2d58b9e08346061ff3e331cdec3fe3f53aae509e256412a593/django-5.2.5.tar.gz", hash = "sha256:0745b25681b129a77aae3d4f6549b62d3913d74407831abaa0d9021a03954bae", size = 10859748, upload-time = "2025-08-06T08:26:29.978Z" }
wheels = [
    { url = "https://files.pythonhosted.org/packages/9d/6e/98a1d23648e0085bb5825326af17612ecd8fc76be0ce96ea4dc35e17b926/django-5.2.5-py3-none-any.whl", hash = "sha256:2b2ada0ee8a5ff743a40e2b9820d1f8e24c11bac9ae6469cd548f0057ea6ddcd", size = 8302999, upload-time = "2025-08-06T08:26:23.562Z" },
]

[[package]]
name = "django-taggit"
version = "6.1.0"
source = { registry = "https://pypi.org/simple" }
dependencies = [
    { name = "django" },
]
sdist = { url = "https://files.pythonhosted.org/packages/34/a6/f1beaf8f552fe90c153cc039316ebab942c23dfbc88588dde081fefca816/django_taggit-6.1.0.tar.gz", hash = "sha256:c4d1199e6df34125dd36db5eb0efe545b254dec3980ce5dd80e6bab3e78757c3", size = 38151, upload-time = "2024-09-29T08:07:39.477Z" }
wheels = [
    { url = "https://files.pythonhosted.org/packages/6b/34/4185c345530b91d05cb82e05d07148f481a5eb5dc2ac44e092b3daa6f206/django_taggit-6.1.0-py3-none-any.whl", hash = "sha256:ab776264bbc76cb3d7e49e1bf9054962457831bd21c3a42db9138b41956e4cf0", size = 75749, upload-time = "2024-09-29T08:07:14.612Z" },
]

[[package]]
name = "markdown"
version = "3.9"
source = { registry = "https://pypi.org/simple" }
sdist = { url = "https://files.pythonhosted.org/packages/8d/37/02347f6d6d8279247a5837082ebc26fc0d5aaeaf75aa013fcbb433c777ab/markdown-3.9.tar.gz", hash = "sha256:d2900fe1782bd33bdbbd56859defef70c2e78fc46668f8eb9df3128138f2cb6a", size = 364585, upload-time = "2025-09-04T20:25:22.885Z" }
wheels = [
    { url = "https://files.pythonhosted.org/packages/70/ae/44c4a6a4cbb496d93c6257954260fe3a6e91b7bed2240e5dad2a717f5111/markdown-3.9-py3-none-any.whl", hash = "sha256:9f4d91ed810864ea88a6f32c07ba8bee1346c0cc1f6b1f9f6c822f2a9667d280", size = 107441, upload-time = "2025-09-04T20:25:21.784Z" },
]

[[package]]
name = "psycopg"
version = "3.2.10"
source = { registry = "https://pypi.org/simple" }
dependencies = [
    { name = "tzdata", marker = "sys_platform == 'win32'" },
]
sdist = { url = "https://files.pythonhosted.org/packages/a9/f1/0258a123c045afaf3c3b60c22ccff077bceeb24b8dc2c593270899353bd0/psycopg-3.2.10.tar.gz", hash = "sha256:0bce99269d16ed18401683a8569b2c5abd94f72f8364856d56c0389bcd50972a", size = 160380, upload-time = "2025-09-08T09:13:37.775Z" }
wheels = [
    { url = "https://files.pythonhosted.org/packages/4a/90/422ffbbeeb9418c795dae2a768db860401446af0c6768bc061ce22325f58/psycopg-3.2.10-py3-none-any.whl", hash = "sha256:ab5caf09a9ec42e314a21f5216dbcceac528e0e05142e42eea83a3b28b320ac3", size = 206586, upload-time = "2025-09-08T09:07:50.121Z" },
]

[package.optional-dependencies]
binary = [
    { name = "psycopg-binary", marker = "implementation_name != 'pypy'" },
]

[[package]]
name = "psycopg-binary"
version = "3.2.10"
source = { registry = "https://pypi.org/simple" }
wheels = [
    { url = "https://files.pythonhosted.org/packages/3a/80/db840f7ebf948ab05b4793ad34d4da6ad251829d6c02714445ae8b5f1403/psycopg_binary-3.2.10-cp313-cp313-macosx_10_13_x86_64.whl", hash = "sha256:55b14f2402be027fe1568bc6c4d75ac34628ff5442a70f74137dadf99f738e3b", size = 3982057, upload-time = "2025-09-08T09:10:28.725Z" },
    { url = "https://files.pythonhosted.org/packages/2d/53/39308328bb8388b1ec3501a16128c5ada405f217c6d91b3d921b9f3c5604/psycopg_binary-3.2.10-cp313-cp313-macosx_11_0_arm64.whl", hash = "sha256:43d803fb4e108a67c78ba58f3e6855437ca25d56504cae7ebbfbd8fce9b59247", size = 4066830, upload-time = "2025-09-08T09:10:34.083Z" },
    { url = "https://files.pythonhosted.org/packages/e7/5a/18e6f41b40c71197479468cb18703b2999c6e4ab06f9c05df3bf416a55d7/psycopg_binary-3.2.10-cp313-cp313-manylinux2014_aarch64.manylinux_2_17_aarch64.whl", hash = "sha256:470594d303928ab72a1ffd179c9c7bde9d00f76711d6b0c28f8a46ddf56d9807", size = 4610747, upload-time = "2025-09-08T09:10:39.697Z" },
    { url = "https://files.pythonhosted.org/packages/be/ab/9198fed279aca238c245553ec16504179d21aad049958a2865d0aa797db4/psycopg_binary-3.2.10-cp313-cp313-manylinux2014_ppc64le.manylinux_2_17_ppc64le.whl", hash = "sha256:a1d4e4d309049e3cb61269652a3ca56cb598da30ecd7eb8cea561e0d18bc1a43", size = 4700301, upload-time = "2025-09-08T09:10:44.715Z" },
    { url = "https://files.pythonhosted.org/packages/fc/0d/59024313b5e6c5da3e2a016103494c609d73a95157a86317e0f600c8acb3/psycopg_binary-3.2.10-cp313-cp313-manylinux2014_x86_64.manylinux_2_17_x86_64.whl", hash = "sha256:a92ff1c2cd79b3966d6a87e26ceb222ecd5581b5ae4b58961f126af806a861ed", size = 4392679, upload-time = "2025-09-08T09:10:49.106Z" },
    { url = "https://files.pythonhosted.org/packages/ff/47/21ef15d8a66e3a7a76a177f885173d27f0c5cbe39f5dd6eda9832d6b4e19/psycopg_binary-3.2.10-cp313-cp313-musllinux_1_2_aarch64.whl", hash = "sha256:ac0365398947879c9827b319217096be727da16c94422e0eb3cf98c930643162", size = 3857881, upload-time = "2025-09-08T09:10:56.75Z" },
    { url = "https://files.pythonhosted.org/packages/af/35/c5e5402ccd40016f15d708bbf343b8cf107a58f8ae34d14dc178fdea4fd4/psycopg_binary-3.2.10-cp313-cp313-musllinux_1_2_ppc64le.whl", hash = "sha256:42ee399c2613b470a87084ed79b06d9d277f19b0457c10e03a4aef7059097abc", size = 3531135, upload-time = "2025-09-08T09:11:03.346Z" },
    { url = "https://files.pythonhosted.org/packages/e6/e2/9b82946859001fe5e546c8749991b8b3b283f40d51bdc897d7a8e13e0a5e/psycopg_binary-3.2.10-cp313-cp313-musllinux_1_2_x86_64.whl", hash = "sha256:2028073fc12cd70ba003309d1439c0c4afab4a7eee7653b8c91213064fffe12b", size = 3581813, upload-time = "2025-09-08T09:11:08.76Z" },
    { url = "https://files.pythonhosted.org/packages/c5/91/c10cfccb75464adb4781486e0014ecd7c2ad6decf6cbe0afd8db65ac2bc9/psycopg_binary-3.2.10-cp313-cp313-win_amd64.whl", hash = "sha256:8390db6d2010ffcaf7f2b42339a2da620a7125d37029c1f9b72dfb04a8e7be6f", size = 2881466, upload-time = "2025-09-08T09:11:14.078Z" },
    { url = "https://files.pythonhosted.org/packages/fd/89/b0702ba0d007cc787dd7a205212c8c8cae229d1e7214c8e27bdd3b13d33e/psycopg_binary-3.2.10-cp314-cp314-macosx_10_13_x86_64.whl", hash = "sha256:b34c278a58aa79562afe7f45e0455b1f4cad5974fc3d5674cc5f1f9f57e97fc5", size = 3981253, upload-time = "2025-09-08T09:11:19.864Z" },
    { url = "https://files.pythonhosted.org/packages/dc/c9/e51ac72ac34d1d8ea7fd861008ad8de60e56997f5bd3fbae7536570f6f58/psycopg_binary-3.2.10-cp314-cp314-macosx_11_0_arm64.whl", hash = "sha256:810f65b9ef1fe9dddb5c05937884ea9563aaf4e1a2c3d138205231ed5f439511", size = 4067542, upload-time = "2025-09-08T09:11:25.366Z" },
    { url = "https://files.pythonhosted.org/packages/d6/27/49625c79ae89959a070c1fb63ebb5c6eed426fa09e15086b6f5b626fcdc2/psycopg_binary-3.2.10-cp314-cp314-manylinux2014_aarch64.manylinux_2_17_aarch64.whl", hash = "sha256:8923487c3898c65e1450847e15d734bb2e6adbd2e79d2d1dd5ad829a1306bdc0", size = 4615338, upload-time = "2025-09-08T09:11:31.079Z" },
    { url = "https://files.pythonhosted.org/packages/b9/0d/9fdb5482f50f56303770ea8a3b1c1f32105762da731c7e2a4f425e0b3887/psycopg_binary-3.2.10-cp314-cp314-manylinux2014_ppc64le.manylinux_2_17_ppc64le.whl", hash = "sha256:7950ff79df7a453ac8a7d7a74694055b6c15905b0a2b6e3c99eb59c51a3f9bf7", size = 4703401, upload-time = "2025-09-08T09:11:38.718Z" },
    { url = "https://files.pythonhosted.org/packages/3c/f3/eb2f75ca2c090bf1d0c90d6da29ef340876fe4533bcfc072a9fd94dd52b4/psycopg_binary-3.2.10-cp314-cp314-manylinux2014_x86_64.manylinux_2_17_x86_64.whl", hash = "sha256:0c2b95e83fda70ed2b0b4fadd8538572e4a4d987b721823981862d1ab56cc760", size = 4393458, upload-time = "2025-09-08T09:11:44.114Z" },
    { url = "https://files.pythonhosted.org/packages/20/2e/887abe0591b2f1c1af31164b9efb46c5763e4418f403503bc9fbddaa02ef/psycopg_binary-3.2.10-cp314-cp314-musllinux_1_2_aarch64.whl", hash = "sha256:20384985fbc650c09a547a13c6d7f91bb42020d38ceafd2b68b7fc4a48a1f160", size = 3863733, upload-time = "2025-09-08T09:11:49.237Z" },
    { url = "https://files.pythonhosted.org/packages/6b/8c/9446e3a84187220a98657ef778518f9b44eba55b1f6c3e8300d229ec9930/psycopg_binary-3.2.10-cp314-cp314-musllinux_1_2_ppc64le.whl", hash = "sha256:1f6982609b8ff8fcd67299b67cd5787da1876f3bb28fedd547262cfa8ddedf94", size = 3535121, upload-time = "2025-09-08T09:11:53.887Z" },
    { url = "https://files.pythonhosted.org/packages/b4/e1/f0382c956bfaa951a0dbd4d5a354acf093ef7e5219996958143dfd2bf37d/psycopg_binary-3.2.10-cp314-cp314-musllinux_1_2_x86_64.whl", hash = "sha256:bf30dcf6aaaa8d4779a20d2158bdf81cc8e84ce8eee595d748a7671c70c7b890", size = 3584235, upload-time = "2025-09-08T09:12:01.118Z" },
    { url = "https://files.pythonhosted.org/packages/5a/dd/464bd739bacb3b745a1c93bc15f20f0b1e27f0a64ec693367794b398673b/psycopg_binary-3.2.10-cp314-cp314-win_amd64.whl", hash = "sha256:d5c6a66a76022af41970bf19f51bc6bf87bd10165783dd1d40484bfd87d6b382", size = 2973554, upload-time = "2025-09-08T09:12:05.884Z" },
]

[[package]]
name = "python-decouple"
version = "3.8"
source = { registry = "https://pypi.org/simple" }
sdist = { url = "https://files.pythonhosted.org/packages/e1/97/373dcd5844ec0ea5893e13c39a2c67e7537987ad8de3842fe078db4582fa/python-decouple-3.8.tar.gz", hash = "sha256:ba6e2657d4f376ecc46f77a3a615e058d93ba5e465c01bbe57289bfb7cce680f", size = 9612, upload-time = "2023-03-01T19:38:38.143Z" }
wheels = [
    { url = "https://files.pythonhosted.org/packages/a2/d4/9193206c4563ec771faf2ccf54815ca7918529fe81f6adb22ee6d0e06622/python_decouple-3.8-py3-none-any.whl", hash = "sha256:d0d45340815b25f4de59c974b855bb38d03151d81b037d9e3f463b0c9f8cbd66", size = 9947, upload-time = "2023-03-01T19:38:36.015Z" },
]

[[package]]
name = "ruff"
version = "0.12.11"
source = { registry = "https://pypi.org/simple" }
sdist = { url = "https://files.pythonhosted.org/packages/de/55/16ab6a7d88d93001e1ae4c34cbdcfb376652d761799459ff27c1dc20f6fa/ruff-0.12.11.tar.gz", hash = "sha256:c6b09ae8426a65bbee5425b9d0b82796dbb07cb1af045743c79bfb163001165d", size = 5347103, upload-time = "2025-08-28T13:59:08.87Z" }
wheels = [
    { url = "https://files.pythonhosted.org/packages/d6/a2/3b3573e474de39a7a475f3fbaf36a25600bfeb238e1a90392799163b64a0/ruff-0.12.11-py3-none-linux_armv6l.whl", hash = "sha256:93fce71e1cac3a8bf9200e63a38ac5c078f3b6baebffb74ba5274fb2ab276065", size = 11979885, upload-time = "2025-08-28T13:58:26.654Z" },
    { url = "https://files.pythonhosted.org/packages/76/e4/235ad6d1785a2012d3ded2350fd9bc5c5af8c6f56820e696b0118dfe7d24/ruff-0.12.11-py3-none-macosx_10_12_x86_64.whl", hash = "sha256:b8e33ac7b28c772440afa80cebb972ffd823621ded90404f29e5ab6d1e2d4b93", size = 12742364, upload-time = "2025-08-28T13:58:30.256Z" },
    { url = "https://files.pythonhosted.org/packages/2c/0d/15b72c5fe6b1e402a543aa9d8960e0a7e19dfb079f5b0b424db48b7febab/ruff-0.12.11-py3-none-macosx_11_0_arm64.whl", hash = "sha256:d69fb9d4937aa19adb2e9f058bc4fbfe986c2040acb1a4a9747734834eaa0bfd", size = 11920111, upload-time = "2025-08-28T13:58:33.677Z" },
    { url = "https://files.pythonhosted.org/packages/3e/c0/f66339d7893798ad3e17fa5a1e587d6fd9806f7c1c062b63f8b09dda6702/ruff-0.12.11-py3-none-manylinux_2_17_aarch64.manylinux2014_aarch64.whl", hash = "sha256:411954eca8464595077a93e580e2918d0a01a19317af0a72132283e28ae21bee", size = 12160060, upload-time = "2025-08-28T13:58:35.74Z" },
    { url = "https://files.pythonhosted.org/packages/03/69/9870368326db26f20c946205fb2d0008988aea552dbaec35fbacbb46efaa/ruff-0.12.11-py3-none-manylinux_2_17_armv7l.manylinux2014_armv7l.whl", hash = "sha256:6a2c0a2e1a450f387bf2c6237c727dd22191ae8c00e448e0672d624b2bbd7fb0", size = 11799848, upload-time = "2025-08-28T13:58:38.051Z" },
    { url = "https://files.pythonhosted.org/packages/25/8c/dd2c7f990e9b3a8a55eee09d4e675027d31727ce33cdb29eab32d025bdc9/ruff-0.12.11-py3-none-manylinux_2_17_i686.manylinux2014_i686.whl", hash = "sha256:8ca4c3a7f937725fd2413c0e884b5248a19369ab9bdd850b5781348ba283f644", size = 13536288, upload-time = "2025-08-28T13:58:40.046Z" },
    { url = "https://files.pythonhosted.org/packages/7a/30/d5496fa09aba59b5e01ea76775a4c8897b13055884f56f1c35a4194c2297/ruff-0.12.11-py3-none-manylinux_2_17_ppc64.manylinux2014_ppc64.whl", hash = "sha256:4d1df0098124006f6a66ecf3581a7f7e754c4df7644b2e6704cd7ca80ff95211", size = 14490633, upload-time = "2025-08-28T13:58:42.285Z" },
    { url = "https://files.pythonhosted.org/packages/9b/2f/81f998180ad53445d403c386549d6946d0748e536d58fce5b5e173511183/ruff-0.12.11-py3-none-manylinux_2_17_ppc64le.manylinux2014_ppc64le.whl", hash = "sha256:5a8dd5f230efc99a24ace3b77e3555d3fbc0343aeed3fc84c8d89e75ab2ff793", size = 13888430, upload-time = "2025-08-28T13:58:44.641Z" },
    { url = "https://files.pythonhosted.org/packages/87/71/23a0d1d5892a377478c61dbbcffe82a3476b050f38b5162171942a029ef3/ruff-0.12.11-py3-none-manylinux_2_17_s390x.manylinux2014_s390x.whl", hash = "sha256:4dc75533039d0ed04cd33fb8ca9ac9620b99672fe7ff1533b6402206901c34ee", size = 12913133, upload-time = "2025-08-28T13:58:47.039Z" },
    { url = "https://files.pythonhosted.org/packages/80/22/3c6cef96627f89b344c933781ed38329bfb87737aa438f15da95907cbfd5/ruff-0.12.11-py3-none-manylinux_2_17_x86_64.manylinux2014_x86_64.whl", hash = "sha256:4fc58f9266d62c6eccc75261a665f26b4ef64840887fc6cbc552ce5b29f96cc8", size = 13169082, upload-time = "2025-08-28T13:58:49.157Z" },
    { url = "https://files.pythonhosted.org/packages/05/b5/68b3ff96160d8b49e8dd10785ff3186be18fd650d356036a3770386e6c7f/ruff-0.12.11-py3-none-manylinux_2_31_riscv64.whl", hash = "sha256:5a0113bd6eafd545146440225fe60b4e9489f59eb5f5f107acd715ba5f0b3d2f", size = 13139490, upload-time = "2025-08-28T13:58:51.593Z" },
    { url = "https://files.pythonhosted.org/packages/59/b9/050a3278ecd558f74f7ee016fbdf10591d50119df8d5f5da45a22c6afafc/ruff-0.12.11-py3-none-musllinux_1_2_aarch64.whl", hash = "sha256:0d737b4059d66295c3ea5720e6efc152623bb83fde5444209b69cd33a53e2000", size = 11958928, upload-time = "2025-08-28T13:58:53.943Z" },
    { url = "https://files.pythonhosted.org/packages/f9/bc/93be37347db854806904a43b0493af8d6873472dfb4b4b8cbb27786eb651/ruff-0.12.11-py3-none-musllinux_1_2_armv7l.whl", hash = "sha256:916fc5defee32dbc1fc1650b576a8fed68f5e8256e2180d4d9855aea43d6aab2", size = 11764513, upload-time = "2025-08-28T13:58:55.976Z" },
    { url = "https://files.pythonhosted.org/packages/7a/a1/1471751e2015a81fd8e166cd311456c11df74c7e8769d4aabfbc7584c7ac/ruff-0.12.11-py3-none-musllinux_1_2_i686.whl", hash = "sha256:c984f07d7adb42d3ded5be894fb4007f30f82c87559438b4879fe7aa08c62b39", size = 12745154, upload-time = "2025-08-28T13:58:58.16Z" },
    { url = "https://files.pythonhosted.org/packages/68/ab/2542b14890d0f4872dd81b7b2a6aed3ac1786fae1ce9b17e11e6df9e31e3/ruff-0.12.11-py3-none-musllinux_1_2_x86_64.whl", hash = "sha256:e07fbb89f2e9249f219d88331c833860489b49cdf4b032b8e4432e9b13e8a4b9", size = 13227653, upload-time = "2025-08-28T13:59:00.276Z" },
    { url = "https://files.pythonhosted.org/packages/22/16/2fbfc61047dbfd009c58a28369a693a1484ad15441723be1cd7fe69bb679/ruff-0.12.11-py3-none-win32.whl", hash = "sha256:c792e8f597c9c756e9bcd4d87cf407a00b60af77078c96f7b6366ea2ce9ba9d3", size = 11944270, upload-time = "2025-08-28T13:59:02.347Z" },
    { url = "https://files.pythonhosted.org/packages/08/a5/34276984705bfe069cd383101c45077ee029c3fe3b28225bf67aa35f0647/ruff-0.12.11-py3-none-win_amd64.whl", hash = "sha256:a3283325960307915b6deb3576b96919ee89432ebd9c48771ca12ee8afe4a0fd", size = 13046600, upload-time = "2025-08-28T13:59:04.751Z" },
    { url = "https://files.pythonhosted.org/packages/84/a8/001d4a7c2b37623a3fd7463208267fb906df40ff31db496157549cfd6e72/ruff-0.12.11-py3-none-win_arm64.whl", hash = "sha256:bae4d6e6a2676f8fb0f98b74594a048bae1b944aab17e9f5d504062303c6dbea", size = 12135290, upload-time = "2025-08-28T13:59:06.933Z" },
]

[[package]]
name = "sqlparse"
version = "0.5.3"
source = { registry = "https://pypi.org/simple" }
sdist = { url = "https://files.pythonhosted.org/packages/e5/40/edede8dd6977b0d3da179a342c198ed100dd2aba4be081861ee5911e4da4/sqlparse-0.5.3.tar.gz", hash = "sha256:09f67787f56a0b16ecdbde1bfc7f5d9c3371ca683cfeaa8e6ff60b4807ec9272", size = 84999, upload-time = "2024-12-10T12:05:30.728Z" }
wheels = [
    { url = "https://files.pythonhosted.org/packages/a9/5c/bfd6bd0bf979426d405cc6e71eceb8701b148b16c21d2dc3c261efc61c7b/sqlparse-0.5.3-py3-none-any.whl", hash = "sha256:cf2196ed3418f3ba5de6af7e82c694a9fbdbfecccdfc72e281548517081f16ca", size = 44415, upload-time = "2024-12-10T12:05:27.824Z" },
]

[[package]]
name = "tzdata"
version = "2025.2"
source = { registry = "https://pypi.org/simple" }
sdist = { url = "https://files.pythonhosted.org/packages/95/32/1a225d6164441be760d75c2c42e2780dc0873fe382da3e98a2e1e48361e5/tzdata-2025.2.tar.gz", hash = "sha256:b60a638fcc0daffadf82fe0f57e53d06bdec2f36c4df66280ae79bce6bd6f2b9", size = 196380, upload-time = "2025-03-23T13:54:43.652Z" }
wheels = [
    { url = "https://files.pythonhosted.org/packages/5c/23/c7abc0ca0a1526a0774eca151daeb8de62ec457e77262b66b359c3c7679e/tzdata-2025.2-py2.py3-none-any.whl", hash = "sha256:1a403fada01ff9221ca8044d701868fa132215d84beb92242d9acd2147f667a8", size = 347839, upload-time = "2025-03-23T13:54:41.845Z" },
]
